
Microsoft Visual Studio Solution File, Format Version 12.00
# Visual Studio Version 17
VisualStudioVersion = 17.6.33723.286
MinimumVisualStudioVersion = 10.0.40219.1
Project("{FAE04EC0-301F-11D3-BF4B-00C04F79EFBC}") = "DChess", "DChess.csproj", "{368317C0-A950-4A5E-B022-75232A05FFAF}"
EndProject
Global
	GlobalSection(SolutionConfigurationPlatforms) = preSolution
		Debug|Any CPU = Debug|Any CPU
		Release|Any CPU = Release|Any CPU
	EndGlobalSection
	GlobalSection(ProjectConfigurationPlatforms) = postSolution
		{368317C0-A950-4A5E-B022-75232A05FFAF}.Debug|Any CPU.ActiveCfg = Debug|Any CPU
		{368317C0-A950-4A5E-B022-75232A05FFAF}.Debug|Any CPU.Build.0 = Debug|Any CPU
		{368317C0-A950-4A5E-B022-75232A05FFAF}.Release|Any CPU.ActiveCfg = Release|Any CPU
		{368317C0-A950-4A5E-B022-75232A05FFAF}.Release|Any CPU.Build.0 = Release|Any CPU
	EndGlobalSection
	GlobalSection(SolutionProperties) = preSolution
		HideSolutionNode = FALSE
	EndGlobalSection
	GlobalSection(ExtensibilityGlobals) = postSolution
		SolutionGuid = {516111E2-9219-41B4-B2F4-563B76F49114}
	EndGlobalSection
EndGlobal
